
Microsoft Visual Studio Solution File, Format Version 12.00
# Visual Studio Version 17
VisualStudioVersion = 17.8.34511.84
MinimumVisualStudioVersion = 10.0.40219.1
Project("{FAE04EC0-301F-11D3-BF4B-00C04F79EFBC}") = "Miftakhov", "Miftakhov\Miftakhov.csproj", "{27035AE0-8A19-4F3A-A2A0-1DE3C2AF3AFA}"
EndProject
Global
	GlobalSection(SolutionConfigurationPlatforms) = preSolution
		Debug|Any CPU = Debug|Any CPU
		Release|Any CPU = Release|Any CPU
	EndGlobalSection
	GlobalSection(ProjectConfigurationPlatforms) = postSolution
		{27035AE0-8A19-4F3A-A2A0-1DE3C2AF3AFA}.Debug|Any CPU.ActiveCfg = Debug|Any CPU
		{27035AE0-8A19-4F3A-A2A0-1DE3C2AF3AFA}.Debug|Any CPU.Build.0 = Debug|Any CPU
		{27035AE0-8A19-4F3A-A2A0-1DE3C2AF3AFA}.Release|Any CPU.ActiveCfg = Release|Any CPU
		{27035AE0-8A19-4F3A-A2A0-1DE3C2AF3AFA}.Release|Any CPU.Build.0 = Release|Any CPU
	EndGlobalSection
	GlobalSection(SolutionProperties) = preSolution
		HideSolutionNode = FALSE
	EndGlobalSection
	GlobalSection(ExtensibilityGlobals) = postSolution
		SolutionGuid = {E9845FAB-A48D-4464-81BE-B97859408DDC}
	EndGlobalSection
EndGlobal
